
Microsoft Visual Studio Solution File, Format Version 12.00
# Visual Studio Version 17
VisualStudioVersion = 17.6.33829.357
MinimumVisualStudioVersion = 10.0.40219.1
Project("{FAE04EC0-301F-11D3-BF4B-00C04F79EFBC}") = "LibraryManagementSystem", "LibraryManagementSystem\LibraryManagementSystem.csproj", "{29111154-78C1-42DD-B2C1-2E77589013F4}"
EndProject
Global
	GlobalSection(SolutionConfigurationPlatforms) = preSolution
		Debug|Any CPU = Debug|Any CPU
		Release|Any CPU = Release|Any CPU
	EndGlobalSection
	GlobalSection(ProjectConfigurationPlatforms) = postSolution
		{29111154-78C1-42DD-B2C1-2E77589013F4}.Debug|Any CPU.ActiveCfg = Debug|Any CPU
		{29111154-78C1-42DD-B2C1-2E77589013F4}.Debug|Any CPU.Build.0 = Debug|Any CPU
		{29111154-78C1-42DD-B2C1-2E77589013F4}.Release|Any CPU.ActiveCfg = Release|Any CPU
		{29111154-78C1-42DD-B2C1-2E77589013F4}.Release|Any CPU.Build.0 = Release|Any CPU
	EndGlobalSection
	GlobalSection(SolutionProperties) = preSolution
		HideSolutionNode = FALSE
	EndGlobalSection
	GlobalSection(ExtensibilityGlobals) = postSolution
		SolutionGuid = {E89D51BD-22EA-481A-BD19-15AA63D9D051}
	EndGlobalSection
EndGlobal
